
Microsoft Visual Studio Solution File, Format Version 12.00
# Visual Studio Version 17
VisualStudioVersion = 17.9.34728.123
MinimumVisualStudioVersion = 10.0.40219.1
Project("{8BC9CEB8-8B4A-11D0-8D11-00A0C91BC942}") = "static_lambda", "static_lambda\static_lambda.vcxproj", "{DC0C2909-C33F-4E08-AC03-E0415DE0E006}"
EndProject
Project("{8BC9CEB8-8B4A-11D0-8D11-00A0C91BC942}") = "test", "test\test.vcxproj", "{1A29F65A-397E-44F9-BDDE-B83A9689A9C9}"
EndProject
Global
	GlobalSection(SolutionConfigurationPlatforms) = preSolution
		Debug|x64 = Debug|x64
		Debug|x86 = Debug|x86
		Release|x64 = Release|x64
		Release|x86 = Release|x86
	EndGlobalSection
	GlobalSection(ProjectConfigurationPlatforms) = postSolution
		{DC0C2909-C33F-4E08-AC03-E0415DE0E006}.Debug|x64.ActiveCfg = Debug|x64
		{DC0C2909-C33F-4E08-AC03-E0415DE0E006}.Debug|x64.Build.0 = Debug|x64
		{DC0C2909-C33F-4E08-AC03-E0415DE0E006}.Debug|x86.ActiveCfg = Debug|Win32
		{DC0C2909-C33F-4E08-AC03-E0415DE0E006}.Debug|x86.Build.0 = Debug|Win32
		{DC0C2909-C33F-4E08-AC03-E0415DE0E006}.Release|x64.ActiveCfg = Release|x64
		{DC0C2909-C33F-4E08-AC03-E0415DE0E006}.Release|x64.Build.0 = Release|x64
		{DC0C2909-C33F-4E08-AC03-E0415DE0E006}.Release|x86.ActiveCfg = Release|Win32
		{DC0C2909-C33F-4E08-AC03-E0415DE0E006}.Release|x86.Build.0 = Release|Win32
		{1A29F65A-397E-44F9-BDDE-B83A9689A9C9}.Debug|x64.ActiveCfg = Debug|x64
		{1A29F65A-397E-44F9-BDDE-B83A9689A9C9}.Debug|x64.Build.0 = Debug|x64
		{1A29F65A-397E-44F9-BDDE-B83A9689A9C9}.Debug|x86.ActiveCfg = Debug|Win32
		{1A29F65A-397E-44F9-BDDE-B83A9689A9C9}.Debug|x86.Build.0 = Debug|Win32
		{1A29F65A-397E-44F9-BDDE-B83A9689A9C9}.Release|x64.ActiveCfg = Release|x64
		{1A29F65A-397E-44F9-BDDE-B83A9689A9C9}.Release|x64.Build.0 = Release|x64
		{1A29F65A-397E-44F9-BDDE-B83A9689A9C9}.Release|x86.ActiveCfg = Release|Win32
		{1A29F65A-397E-44F9-BDDE-B83A9689A9C9}.Release|x86.Build.0 = Release|Win32
	EndGlobalSection
	GlobalSection(SolutionProperties) = preSolution
		HideSolutionNode = FALSE
	EndGlobalSection
	GlobalSection(ExtensibilityGlobals) = postSolution
		SolutionGuid = {80E36E19-EEB6-44FD-8041-28E5D21C8CDA}
	EndGlobalSection
EndGlobal
